PODS:
  - AMap3DMap (5.0.0):
    - AMapFoundation (~> 1.3)
  - AMapFoundation (1.4.0)
  - AMapLocation (2.3.1):
    - AMapFoundation (~> 1.3)
  - AMapSearch (5.0.0):
    - AMapFoundation (~> 1.2)
  - FMDB (2.6.2):
    - FMDB/standard (= 2.6.2)
  - FMDB/standard (2.6.2)
  - SDWebImage (4.0.0):
    - SDWebImage/Core (= 4.0.0)
  - SDWebImage/Core (4.0.0)
  - SVProgressHUD (2.1.2)

DEPENDENCIES:
  - AMap3DMap
  - AMapLocation
  - AMapSearch
  - FMDB
  - SDWebImage
  - SVProgressHUD

SPEC CHECKSUMS:
  AMap3DMap: 4d0a53d0e57c7c758560225dfdaf593b306bd468
  AMapFoundation: 458974f46a39df8407fd818ab83d2630d494c726
  AMapLocation: 6016f0e09c127461c9c8e36945f34c0f037ad962
  AMapSearch: cf7fd100d533995822d92c22586abfaf7cdf6eef
  FMDB: 854a0341b4726e53276f2a8996f06f1b80f9259a
  SDWebImage: 76a6348bdc74eb5a55dd08a091ef298e56b55e41
  SVProgressHUD: c404a55d78acbeb7ebb78b76d3faf986475a6994

PODFILE CHECKSUM: 4308efb5a548b9039aa9771ae2fba337f3c40db0

COCOAPODS: 1.2.1
